
Microsoft Visual Studio Solution File, Format Version 12.00
# Visual Studio Version 16
VisualStudioVersion = 16.0.33214.272
MinimumVisualStudioVersion = 10.0.40219.1
Project("{FAE04EC0-301F-11D3-BF4B-00C04F79EFBC}") = "QLBreadtalk", "QLBreadtalk\QLBreadtalk.csproj", "{682708EA-0F9F-4CFC-925A-6CD17CDA0B43}"
EndProject
Global
	GlobalSection(SolutionConfigurationPlatforms) = preSolution
		Debug|Any CPU = Debug|Any CPU
		Release|Any CPU = Release|Any CPU
	EndGlobalSection
	GlobalSection(ProjectConfigurationPlatforms) = postSolution
		{682708EA-0F9F-4CFC-925A-6CD17CDA0B43}.Debug|Any CPU.ActiveCfg = Debug|Any CPU
		{682708EA-0F9F-4CFC-925A-6CD17CDA0B43}.Debug|Any CPU.Build.0 = Debug|Any CPU
		{682708EA-0F9F-4CFC-925A-6CD17CDA0B43}.Release|Any CPU.ActiveCfg = Release|Any CPU
		{682708EA-0F9F-4CFC-925A-6CD17CDA0B43}.Release|Any CPU.Build.0 = Release|Any CPU
	EndGlobalSection
	GlobalSection(SolutionProperties) = preSolution
		HideSolutionNode = FALSE
	EndGlobalSection
	GlobalSection(ExtensibilityGlobals) = postSolution
		SolutionGuid = {D31FF03C-3825-4E15-AD81-CA758245D31B}
	EndGlobalSection
EndGlobal
