
Microsoft Visual Studio Solution File, Format Version 12.00
# Visual Studio Version 17
VisualStudioVersion = 17.5.33414.496
MinimumVisualStudioVersion = 10.0.40219.1
Project("{FAE04EC0-301F-11D3-BF4B-00C04F79EFBC}") = "QuanLyBanHang", "QuanLyBanHang\QuanLyBanHang.csproj", "{9B1B8B65-BC4F-41EB-9DF5-7FDF71FD6CFF}"
EndProject
Project("{FAE04EC0-301F-11D3-BF4B-00C04F79EFBC}") = "DAL", "DAL\DAL.csproj", "{0072A5FD-F74F-4D27-8FE8-1C6FE06D070F}"
EndProject
Global
	GlobalSection(SolutionConfigurationPlatforms) = preSolution
		Debug|Any CPU = Debug|Any CPU
		Release|Any CPU = Release|Any CPU
	EndGlobalSection
	GlobalSection(ProjectConfigurationPlatforms) = postSolution
		{9B1B8B65-BC4F-41EB-9DF5-7FDF71FD6CFF}.Debug|Any CPU.ActiveCfg = Debug|Any CPU
		{9B1B8B65-BC4F-41EB-9DF5-7FDF71FD6CFF}.Debug|Any CPU.Build.0 = Debug|Any CPU
		{9B1B8B65-BC4F-41EB-9DF5-7FDF71FD6CFF}.Release|Any CPU.ActiveCfg = Release|Any CPU
		{9B1B8B65-BC4F-41EB-9DF5-7FDF71FD6CFF}.Release|Any CPU.Build.0 = Release|Any CPU
		{0072A5FD-F74F-4D27-8FE8-1C6FE06D070F}.Debug|Any CPU.ActiveCfg = Debug|Any CPU
		{0072A5FD-F74F-4D27-8FE8-1C6FE06D070F}.Debug|Any CPU.Build.0 = Debug|Any CPU
		{0072A5FD-F74F-4D27-8FE8-1C6FE06D070F}.Release|Any CPU.ActiveCfg = Release|Any CPU
		{0072A5FD-F74F-4D27-8FE8-1C6FE06D070F}.Release|Any CPU.Build.0 = Release|Any CPU
	EndGlobalSection
	GlobalSection(SolutionProperties) = preSolution
		HideSolutionNode = FALSE
	EndGlobalSection
	GlobalSection(ExtensibilityGlobals) = postSolution
		SolutionGuid = {54924E6A-A1E5-47B7-89C2-BC81BBB2DF9A}
	EndGlobalSection
EndGlobal
